
Microsoft Visual Studio Solution File, Format Version 12.00
# Visual Studio Version 17
VisualStudioVersion = 17.13.35919.96 d17.13
MinimumVisualStudioVersion = 10.0.40219.1
Project("{FAE04EC0-301F-11D3-BF4B-00C04F79EFBC}") = "BarberiaMVC_Core", "BarberiaMVC_Core.csproj", "{4396F964-6C4C-4072-B76D-7D1472D67D10}"
EndProject
Global
	GlobalSection(SolutionConfigurationPlatforms) = preSolution
		Debug|Any CPU = Debug|Any CPU
		Release|Any CPU = Release|Any CPU
	EndGlobalSection
	GlobalSection(ProjectConfigurationPlatforms) = postSolution
		{4396F964-6C4C-4072-B76D-7D1472D67D10}.Debug|Any CPU.ActiveCfg = Debug|Any CPU
		{4396F964-6C4C-4072-B76D-7D1472D67D10}.Debug|Any CPU.Build.0 = Debug|Any CPU
		{4396F964-6C4C-4072-B76D-7D1472D67D10}.Release|Any CPU.ActiveCfg = Release|Any CPU
		{4396F964-6C4C-4072-B76D-7D1472D67D10}.Release|Any CPU.Build.0 = Release|Any CPU
	EndGlobalSection
	GlobalSection(SolutionProperties) = preSolution
		HideSolutionNode = FALSE
	EndGlobalSection
	GlobalSection(ExtensibilityGlobals) = postSolution
		SolutionGuid = {0513E3FD-9F30-41D9-82F9-08F1F5DF41A9}
	EndGlobalSection
EndGlobal
